<?xml version="1.0" encoding="utf-8"?>
<Project ToolsVersion="4.0" xmlns="http://schemas.microsoft.com/developer/msbuild/2003">
  <ItemGroup>
    <CudaCompile Include="..\..\..\Source\Tests\TestsMain.cu" />
  </ItemGroup>
  <ItemGroup>
    <Filter Include="Tests">
      <UniqueIdentifier>{64b9f828-46e6-4aba-9aac-9e8f231ba2f9}</UniqueIdentifier>
    </Filter>
  </ItemGroup>
  <ItemGroup>
    <ClCompile Include="..\..\..\Source\Tests\DataTests.cpp">
      <Filter>Tests</Filter>
    </ClCompile>
    <ClCompile Include="..\..\..\Source\Tests\FastSolverTests.cpp">
      <Filter>Tests</Filter>
    </ClCompile>
  </ItemGroup>
  <ItemGroup>
    <None Include="packages.config" />
  </ItemGroup>
</Project>